# This file is generated by running "yarn install" inside your project.
# Manual changes might be lost - proceed with caution!

__metadata:
  version: 8
  cacheKey: 10c0

"@samhenderson511/strapi-plugin-icon-picker@workspace:.":
  version: 0.0.0-use.local
  resolution: "@samhenderson511/strapi-plugin-icon-picker@workspace:."
  peerDependencies:
    "@strapi/strapi": ^4.24.1
  languageName: unknown
  linkType: soft
